
Microsoft Visual Studio Solution File, Format Version 12.00
# Visual Studio Version 17
VisualStudioVersion = 17.11.35327.3
MinimumVisualStudioVersion = 10.0.40219.1
Project("{9A19103F-16F7-4668-BE54-9A1E7A4F7556}") = "ServerGame106", "SeverGame106\ServerGame106.csproj", "{3668966A-1F5F-44D2-9FDB-B87E701E1307}"
EndProject
Global
	GlobalSection(SolutionConfigurationPlatforms) = preSolution
		Debug|Any CPU = Debug|Any CPU
		Release|Any CPU = Release|Any CPU
	EndGlobalSection
	GlobalSection(ProjectConfigurationPlatforms) = postSolution
		{3668966A-1F5F-44D2-9FDB-B87E701E1307}.Debug|Any CPU.ActiveCfg = Debug|Any CPU
		{3668966A-1F5F-44D2-9FDB-B87E701E1307}.Debug|Any CPU.Build.0 = Debug|Any CPU
		{3668966A-1F5F-44D2-9FDB-B87E701E1307}.Release|Any CPU.ActiveCfg = Release|Any CPU
		{3668966A-1F5F-44D2-9FDB-B87E701E1307}.Release|Any CPU.Build.0 = Release|Any CPU
	EndGlobalSection
	GlobalSection(SolutionProperties) = preSolution
		HideSolutionNode = FALSE
	EndGlobalSection
	GlobalSection(ExtensibilityGlobals) = postSolution
		SolutionGuid = {6618C465-B424-4422-9DD2-6C20046D5264}
	EndGlobalSection
EndGlobal
